{
    "name": "shop",
    "lockfileVersion": 2,
    "requires": true,
    "packages": {
        "": {
            "dependencies": {
                "i18next": "^21.8.14",
                "i18next-browser-languagedetector": "^6.1.4",
                "i18next-http-backend": "^1.4.1",
                "react-i18next": "^11.18.1"
            }
        },
        "node_modules/@babel/runtime": {
            "version": "7.18.6",
            "resolved": "https://registry.npmjs.org/@babel/runtime/-/runtime-7.18.6.tgz",
            "integrity": "sha512-t9wi7/AW6XtKahAe20Yw0/mMljKq0B1r2fPdvaAdV/KPDZewFXdaaa6K7lxmZBZ8FBNpCiAT6iHPmd6QO9bKfQ==",
            "dependencies": {
                "regenerator-runtime": "^0.13.4"
            },
            "engines": {
                "node": ">=6.9.0"
            }
        },
        "node_modules/anychart": {
            "version": "8.11.0",
            "resolved": "https://registry.npmjs.org/anychart/-/anychart-8.11.0.tgz",
            "integrity": "sha512-9QhPSG2mVndLJFsJxuZbtaq5M2jN9GOGNQ7MO2kZrg4cBeZJz0z0HG8HQwNvKDzuhClyOURiJg34pTTaDGyXaA=="
        },
        "node_modules/anychart-react": {
            "version": "1.4.1",
            "resolved": "https://registry.npmjs.org/anychart-react/-/anychart-react-1.4.1.tgz",
            "integrity": "sha512-YgaNhlERFYsXmFdzHIndWw2p74OmD06deghyJs5VezjPK7yNkQVYuBBO/zExq2K3/Q412QpeIScOlELVCyIeSA==",
            "dependencies": {
                "anychart": "^8.0.0",
                "react": "^15.6.2",
                "react-dom": "^15.6.2"
            }
        },
        "node_modules/anychart-react/node_modules/react": {
            "version": "15.7.0",
            "resolved": "https://registry.npmjs.org/react/-/react-15.7.0.tgz",
            "integrity": "sha512-5/MMRYmpmM0sMTHGLossnJCrmXQIiJilD6y3YN3TzAwGFj6zdnMtFv6xmi65PHKRV+pehIHpT7oy67Sr6s9AHA==",
            "dependencies": {
                "create-react-class": "^15.6.0",
                "fbjs": "^0.8.9",
                "loose-envify": "^1.1.0",
                "object-assign": "^4.1.0",
                "prop-types": "^15.5.10"
            },
            "engines": {
                "node": ">=0.10.0"
            }
        },
        "node_modules/anychart-react/node_modules/react-dom": {
            "version": "15.7.0",
            "resolved": "https://registry.npmjs.org/react-dom/-/react-dom-15.7.0.tgz",
            "integrity": "sha512-mpjXqC2t1FuYsILOLCj0kg6pbg460byZkVA/80VtDmKU/pYmoTdHOtaMcTRIDiyXLz4sIur0cQ04nOC6iGndJg==",
            "dependencies": {
                "fbjs": "^0.8.9",
                "loose-envify": "^1.1.0",
                "object-assign": "^4.1.0",
                "prop-types": "^15.5.10"
            },
            "peerDependencies": {
                "react": "^15.7.0"
            }
        },
        "node_modules/asap": {
            "version": "2.0.6",
            "resolved": "https://registry.npmjs.org/asap/-/asap-2.0.6.tgz",
            "integrity": "sha512-BSHWgDSAiKs50o2Re8ppvp3seVHXSRM44cdSsT9FfNEUUZLOGWVCsiWaRPWM1Znn+mqZ1OfVZ3z3DWEzSp7hRA=="
        },
        "node_modules/core-js": {
            "version": "1.2.7",
            "resolved": "https://registry.npmjs.org/core-js/-/core-js-1.2.7.tgz",
            "integrity": "sha512-ZiPp9pZlgxpWRu0M+YWbm6+aQ84XEfH1JRXvfOc/fILWI0VKhLC2LX13X1NYq4fULzLMq7Hfh43CSo2/aIaUPA==",
            "deprecated": "core-js@<3.23.3 is no longer maintained and not recommended for usage due to the number of issues. Because of the V8 engine whims, feature detection in old core-js versions could cause a slowdown up to 100x even if nothing is polyfilled. Some versions have web compatibility issues. Please, upgrade your dependencies to the actual version of core-js."
        },
        "node_modules/create-react-class": {
            "version": "15.7.0",
            "resolved": "https://registry.npmjs.org/create-react-class/-/create-react-class-15.7.0.tgz",
            "integrity": "sha512-QZv4sFWG9S5RUvkTYWbflxeZX+JG7Cz0Tn33rQBJ+WFQTqTfUTjMjiv9tnfXazjsO5r0KhPs+AqCjyrQX6h2ng==",
            "dependencies": {
                "loose-envify": "^1.3.1",
                "object-assign": "^4.1.1"
            }
        },
        "node_modules/cross-fetch": {
            "version": "3.1.5",
            "resolved": "https://registry.npmjs.org/cross-fetch/-/cross-fetch-3.1.5.tgz",
            "integrity": "sha512-lvb1SBsI0Z7GDwmuid+mU3kWVBwTVUbe7S0H52yaaAdQOXq2YktTCZdlAcNKFzE6QtRz0snpw9bNiPeOIkkQvw==",
            "dependencies": {
                "node-fetch": "2.6.7"
            }
        },
        "node_modules/encoding": {
            "version": "0.1.13",
            "resolved": "https://registry.npmjs.org/encoding/-/encoding-0.1.13.tgz",
            "integrity": "sha512-ETBauow1T35Y/WZMkio9jiM0Z5xjHHmJ4XmjZOq1l/dXz3lr2sRn87nJy20RupqSh1F2m3HHPSp8ShIPQJrJ3A==",
            "dependencies": {
                "iconv-lite": "^0.6.2"
            }
        },
        "node_modules/fbjs": {
            "version": "0.8.18",
            "resolved": "https://registry.npmjs.org/fbjs/-/fbjs-0.8.18.tgz",
            "integrity": "sha512-EQaWFK+fEPSoibjNy8IxUtaFOMXcWsY0JaVrQoZR9zC8N2Ygf9iDITPWjUTVIax95b6I742JFLqASHfsag/vKA==",
            "dependencies": {
                "core-js": "^1.0.0",
                "isomorphic-fetch": "^2.1.1",
                "loose-envify": "^1.0.0",
                "object-assign": "^4.1.0",
                "promise": "^7.1.1",
                "setimmediate": "^1.0.5",
                "ua-parser-js": "^0.7.30"
            }
        },
        "node_modules/html-parse-stringify": {
            "version": "3.0.1",
            "resolved": "https://registry.npmjs.org/html-parse-stringify/-/html-parse-stringify-3.0.1.tgz",
            "integrity": "sha512-KknJ50kTInJ7qIScF3jeaFRpMpE8/lfiTdzf/twXyPBLAGrLRTmkz3AdTnKeh40X8k9L2fdYwEp/42WGXIRGcg==",
            "dependencies": {
                "void-elements": "3.1.0"
            }
        },
        "node_modules/i18next": {
            "version": "21.8.14",
            "resolved": "https://registry.npmjs.org/i18next/-/i18next-21.8.14.tgz",
            "integrity": "sha512-4Yi+DtexvMm/Yw3Q9fllzY12SgLk+Mcmar+rCAccsOPul/2UmnBzoHbTGn/L48IPkFcmrNaH7xTLboBWIbH6pw==",
            "funding": [
                {
                    "type": "individual",
                    "url": "https://locize.com"
                },
                {
                    "type": "individual",
                    "url": "https://locize.com/i18next.html"
                },
                {
                    "type": "individual",
                    "url": "https://www.i18next.com/how-to/faq#i18next-is-awesome.-how-can-i-support-the-project"
                }
            ],
            "dependencies": {
                "@babel/runtime": "^7.17.2"
            }
        },
        "node_modules/i18next-browser-languagedetector": {
            "version": "6.1.4",
            "resolved": "https://registry.npmjs.org/i18next-browser-languagedetector/-/i18next-browser-languagedetector-6.1.4.tgz",
            "integrity": "sha512-wukWnFeU7rKIWT66VU5i8I+3Zc4wReGcuDK2+kuFhtoxBRGWGdvYI9UQmqNL/yQH1KogWwh+xGEaIPH8V/i2Zg==",
            "dependencies": {
                "@babel/runtime": "^7.14.6"
            }
        },
        "node_modules/i18next-http-backend": {
            "version": "1.4.1",
            "resolved": "https://registry.npmjs.org/i18next-http-backend/-/i18next-http-backend-1.4.1.tgz",
            "integrity": "sha512-s4Q9hK2jS29iyhniMP82z+yYY8riGTrWbnyvsSzi5TaF7Le4E7b5deTmtuaRuab9fdDcYXtcwdBgawZG+JCEjA==",
            "dependencies": {
                "cross-fetch": "3.1.5"
            }
        },
        "node_modules/iconv-lite": {
            "version": "0.6.3",
            "resolved": "https://registry.npmjs.org/iconv-lite/-/iconv-lite-0.6.3.tgz",
            "integrity": "sha512-4fCk79wshMdzMp2rH06qWrJE4iolqLhCUH+OiuIgU++RB0+94NlDL81atO7GX55uUKueo0txHNtvEyI6D7WdMw==",
            "dependencies": {
                "safer-buffer": ">= 2.1.2 < 3.0.0"
            },
            "engines": {
                "node": ">=0.10.0"
            }
        },
        "node_modules/is-stream": {
            "version": "1.1.0",
            "resolved": "https://registry.npmjs.org/is-stream/-/is-stream-1.1.0.tgz",
            "integrity": "sha512-uQPm8kcs47jx38atAcWTVxyltQYoPT68y9aWYdV6yWXSyW8mzSat0TL6CiWdZeCdF3KrAvpVtnHbTv4RN+rqdQ==",
            "engines": {
                "node": ">=0.10.0"
            }
        },
        "node_modules/isomorphic-fetch": {
            "version": "2.2.1",
            "resolved": "https://registry.npmjs.org/isomorphic-fetch/-/isomorphic-fetch-2.2.1.tgz",
            "integrity": "sha512-9c4TNAKYXM5PRyVcwUZrF3W09nQ+sO7+jydgs4ZGW9dhsLG2VOlISJABombdQqQRXCwuYG3sYV/puGf5rp0qmA==",
            "dependencies": {
                "node-fetch": "^1.0.1",
                "whatwg-fetch": ">=0.10.0"
            }
        },
        "node_modules/isomorphic-fetch/node_modules/node-fetch": {
            "version": "1.7.3",
            "resolved": "https://registry.npmjs.org/node-fetch/-/node-fetch-1.7.3.tgz",
            "integrity": "sha512-NhZ4CsKx7cYm2vSrBAr2PvFOe6sWDf0UYLRqA6svUYg7+/TSfVAu49jYC4BvQ4Sms9SZgdqGBgroqfDhJdTyKQ==",
            "dependencies": {
                "encoding": "^0.1.11",
                "is-stream": "^1.0.1"
            }
        },
        "node_modules/js-tokens": {
            "version": "4.0.0",
            "resolved": "https://registry.npmjs.org/js-tokens/-/js-tokens-4.0.0.tgz",
            "integrity": "sha512-RdJUflcE3cUzKiMqQgsCu06FPu9UdIJO0beYbPhHN4k6apgJtifcoCtT9bcxOpYBtpD2kCM6Sbzg4CausW/PKQ=="
        },
        "node_modules/loose-envify": {
            "version": "1.4.0",
            "resolved": "https://registry.npmjs.org/loose-envify/-/loose-envify-1.4.0.tgz",
            "integrity": "sha512-lyuxPGr/Wfhrlem2CL/UcnUc1zcqKAImBDzukY7Y5F/yQiNdko6+fRLevlw1HgMySw7f611UIY408EtxRSoK3Q==",
            "dependencies": {
                "js-tokens": "^3.0.0 || ^4.0.0"
            },
            "bin": {
                "loose-envify": "cli.js"
            }
        },
        "node_modules/node-fetch": {
            "version": "2.6.7",
            "resolved": "https://registry.npmjs.org/node-fetch/-/node-fetch-2.6.7.tgz",
            "integrity": "sha512-ZjMPFEfVx5j+y2yF35Kzx5sF7kDzxuDj6ziH4FFbOp87zKDZNx8yExJIb05OGF4Nlt9IHFIMBkRl41VdvcNdbQ==",
            "dependencies": {
                "whatwg-url": "^5.0.0"
            },
            "engines": {
                "node": "4.x || >=6.0.0"
            },
            "peerDependencies": {
                "encoding": "^0.1.0"
            },
            "peerDependenciesMeta": {
                "encoding": {
                    "optional": true
                }
            }
        },
        "node_modules/object-assign": {
            "version": "4.1.1",
            "resolved": "https://registry.npmjs.org/object-assign/-/object-assign-4.1.1.tgz",
            "integrity": "sha512-rJgTQnkUnH1sFw8yT6VSU3zD3sWmu6sZhIseY8VX+GRu3P6F7Fu+JNDoXfklElbLJSnc3FUQHVe4cU5hj+BcUg==",
            "engines": {
                "node": ">=0.10.0"
            }
        },
        "node_modules/promise": {
            "version": "7.3.1",
            "resolved": "https://registry.npmjs.org/promise/-/promise-7.3.1.tgz",
            "integrity": "sha512-nolQXZ/4L+bP/UGlkfaIujX9BKxGwmQ9OT4mOt5yvy8iK1h3wqTEJCijzGANTCCl9nWjY41juyAn2K3Q1hLLTg==",
            "dependencies": {
                "asap": "~2.0.3"
            }
        },
        "node_modules/prop-types": {
            "version": "15.8.1",
            "resolved": "https://registry.npmjs.org/prop-types/-/prop-types-15.8.1.tgz",
            "integrity": "sha512-oj87CgZICdulUohogVAR7AjlC0327U4el4L6eAvOqCeudMDVU0NThNaV+b9Df4dXgSP1gXMTnPdhfe/2qDH5cg==",
            "dependencies": {
                "loose-envify": "^1.4.0",
                "object-assign": "^4.1.1",
                "react-is": "^16.13.1"
            }
        },
        "node_modules/react": {
            "version": "18.2.0",
            "resolved": "https://registry.npmjs.org/react/-/react-18.2.0.tgz",
            "integrity": "sha512-/3IjMdb2L9QbBdWiW5e3P2/npwMBaU9mHCSCUzNln0ZCYbcfTsGbTJrU/kGemdH2IWmB2ioZ+zkxtmq6g09fGQ==",
            "peer": true,
            "dependencies": {
                "loose-envify": "^1.1.0"
            },
            "engines": {
                "node": ">=0.10.0"
            }
        },
        "node_modules/react-i18next": {
            "version": "11.18.1",
            "resolved": "https://registry.npmjs.org/react-i18next/-/react-i18next-11.18.1.tgz",
            "integrity": "sha512-S8cl4mvIOSA7OQCE5jNy2yhv705Vwi+7PinpqKIYcBmX/trJtHKqrf6CL67WJSA8crr2JU+oxE9jn9DQIrQezg==",
            "dependencies": {
                "@babel/runtime": "^7.14.5",
                "html-parse-stringify": "^3.0.1"
            },
            "peerDependencies": {
                "i18next": ">= 19.0.0",
                "react": ">= 16.8.0"
            },
            "peerDependenciesMeta": {
                "react-dom": {
                    "optional": true
                },
                "react-native": {
                    "optional": true
                }
            }
        },
        "node_modules/react-is": {
            "version": "16.13.1",
            "resolved": "https://registry.npmjs.org/react-is/-/react-is-16.13.1.tgz",
            "integrity": "sha512-24e6ynE2H+OKt4kqsOvNd8kBpV65zoxbA4BVsEOB3ARVWQki/DHzaUoC5KuON/BiccDaCCTZBuOcfZs70kR8bQ=="
        },
        "node_modules/regenerator-runtime": {
            "version": "0.13.9",
            "resolved": "https://registry.npmjs.org/regenerator-runtime/-/regenerator-runtime-0.13.9.tgz",
            "integrity": "sha512-p3VT+cOEgxFsRRA9X4lkI1E+k2/CtnKtU4gcxyaCUreilL/vqI6CdZ3wxVUx3UOUg+gnUOQQcRI7BmSI656MYA=="
        },
        "node_modules/safer-buffer": {
            "version": "2.1.2",
            "resolved": "https://registry.npmjs.org/safer-buffer/-/safer-buffer-2.1.2.tgz",
            "integrity": "sha512-YZo3K82SD7Riyi0E1EQPojLz7kpepnSQI9IyPbHHg1XXXevb5dJI7tpyN2ADxGcQbHG7vcyRHk0cbwqcQriUtg=="
        },
        "node_modules/setimmediate": {
            "version": "1.0.5",
            "resolved": "https://registry.npmjs.org/setimmediate/-/setimmediate-1.0.5.tgz",
            "integrity": "sha512-MATJdZp8sLqDl/68LfQmbP8zKPLQNV6BIZoIgrscFDQ+RsvK/BxeDQOgyxKKoh0y/8h3BqVFnCqQ/gd+reiIXA=="
        },
        "node_modules/tr46": {
            "version": "0.0.3",
            "resolved": "https://registry.npmjs.org/tr46/-/tr46-0.0.3.tgz",
            "integrity": "sha512-N3WMsuqV66lT30CrXNbEjx4GEwlow3v6rr4mCcv6prnfwhS01rkgyFdjPNBYd9br7LpXV1+Emh01fHnq2Gdgrw=="
        },
        "node_modules/ua-parser-js": {
            "version": "0.7.31",
            "resolved": "https://registry.npmjs.org/ua-parser-js/-/ua-parser-js-0.7.31.tgz",
            "integrity": "sha512-qLK/Xe9E2uzmYI3qLeOmI0tEOt+TBBQyUIAh4aAgU05FVYzeZrKUdkAZfBNVGRaHVgV0TDkdEngJSw/SyQchkQ==",
            "funding": [
                {
                    "type": "opencollective",
                    "url": "https://opencollective.com/ua-parser-js"
                },
                {
                    "type": "paypal",
                    "url": "https://paypal.me/faisalman"
                }
            ],
            "engines": {
                "node": "*"
            }
        },
        "node_modules/void-elements": {
            "version": "3.1.0",
            "resolved": "https://registry.npmjs.org/void-elements/-/void-elements-3.1.0.tgz",
            "integrity": "sha512-Dhxzh5HZuiHQhbvTW9AMetFfBHDMYpo23Uo9btPXgdYP+3T5S+p+jgNy7spra+veYhBP2dCSgxR/i2Y02h5/6w==",
            "engines": {
                "node": ">=0.10.0"
            }
        },
        "node_modules/webidl-conversions": {
            "version": "3.0.1",
            "resolved": "https://registry.npmjs.org/webidl-conversions/-/webidl-conversions-3.0.1.tgz",
            "integrity": "sha512-2JAn3z8AR6rjK8Sm8orRC0h/bcl/DqL7tRPdGZ4I1CjdF+EaMLmYxBHyXuKL849eucPFhvBoxMsflfOb8kxaeQ=="
        },
        "node_modules/whatwg-fetch": {
            "version": "3.6.2",
            "resolved": "https://registry.npmjs.org/whatwg-fetch/-/whatwg-fetch-3.6.2.tgz",
            "integrity": "sha512-bJlen0FcuU/0EMLrdbJ7zOnW6ITZLrZMIarMUVmdKtsGvZna8vxKYaexICWPfZ8qwf9fzNq+UEIZrnSaApt6RA=="
        },
        "node_modules/whatwg-url": {
            "version": "5.0.0",
            "resolved": "https://registry.npmjs.org/whatwg-url/-/whatwg-url-5.0.0.tgz",
            "integrity": "sha512-saE57nupxk6v3HY35+jzBwYa0rKSy0XR8JSxZPwgLr7ys0IBzhGviA1/TUGJLmSVqs8pb9AnvICXEuOHLprYTw==",
            "dependencies": {
                "tr46": "~0.0.3",
                "webidl-conversions": "^3.0.0"
            }
        }
    },
    "dependencies": {
        "@babel/runtime": {
            "version": "7.18.6",
            "resolved": "https://registry.npmjs.org/@babel/runtime/-/runtime-7.18.6.tgz",
            "integrity": "sha512-t9wi7/AW6XtKahAe20Yw0/mMljKq0B1r2fPdvaAdV/KPDZewFXdaaa6K7lxmZBZ8FBNpCiAT6iHPmd6QO9bKfQ==",
            "requires": {
                "regenerator-runtime": "^0.13.4"
            }
        },
        "anychart": {
            "version": "8.11.0",
            "resolved": "https://registry.npmjs.org/anychart/-/anychart-8.11.0.tgz",
            "integrity": "sha512-9QhPSG2mVndLJFsJxuZbtaq5M2jN9GOGNQ7MO2kZrg4cBeZJz0z0HG8HQwNvKDzuhClyOURiJg34pTTaDGyXaA=="
        },
        "anychart-react": {
            "version": "1.4.1",
            "resolved": "https://registry.npmjs.org/anychart-react/-/anychart-react-1.4.1.tgz",
            "integrity": "sha512-YgaNhlERFYsXmFdzHIndWw2p74OmD06deghyJs5VezjPK7yNkQVYuBBO/zExq2K3/Q412QpeIScOlELVCyIeSA==",
            "requires": {
                "anychart": "^8.0.0",
                "react": "^15.6.2",
                "react-dom": "^15.6.2"
            },
            "dependencies": {
                "react": {
                    "version": "15.7.0",
                    "resolved": "https://registry.npmjs.org/react/-/react-15.7.0.tgz",
                    "integrity": "sha512-5/MMRYmpmM0sMTHGLossnJCrmXQIiJilD6y3YN3TzAwGFj6zdnMtFv6xmi65PHKRV+pehIHpT7oy67Sr6s9AHA==",
                    "requires": {
                        "create-react-class": "^15.6.0",
                        "fbjs": "^0.8.9",
                        "loose-envify": "^1.1.0",
                        "object-assign": "^4.1.0",
                        "prop-types": "^15.5.10"
                    }
                },
                "react-dom": {
                    "version": "15.7.0",
                    "resolved": "https://registry.npmjs.org/react-dom/-/react-dom-15.7.0.tgz",
                    "integrity": "sha512-mpjXqC2t1FuYsILOLCj0kg6pbg460byZkVA/80VtDmKU/pYmoTdHOtaMcTRIDiyXLz4sIur0cQ04nOC6iGndJg==",
                    "requires": {
                        "fbjs": "^0.8.9",
                        "loose-envify": "^1.1.0",
                        "object-assign": "^4.1.0",
                        "prop-types": "^15.5.10"
                    }
                }
            }
        },
        "asap": {
            "version": "2.0.6",
            "resolved": "https://registry.npmjs.org/asap/-/asap-2.0.6.tgz",
            "integrity": "sha512-BSHWgDSAiKs50o2Re8ppvp3seVHXSRM44cdSsT9FfNEUUZLOGWVCsiWaRPWM1Znn+mqZ1OfVZ3z3DWEzSp7hRA=="
        },
        "core-js": {
            "version": "1.2.7",
            "resolved": "https://registry.npmjs.org/core-js/-/core-js-1.2.7.tgz",
            "integrity": "sha512-ZiPp9pZlgxpWRu0M+YWbm6+aQ84XEfH1JRXvfOc/fILWI0VKhLC2LX13X1NYq4fULzLMq7Hfh43CSo2/aIaUPA=="
        },
        "create-react-class": {
            "version": "15.7.0",
            "resolved": "https://registry.npmjs.org/create-react-class/-/create-react-class-15.7.0.tgz",
            "integrity": "sha512-QZv4sFWG9S5RUvkTYWbflxeZX+JG7Cz0Tn33rQBJ+WFQTqTfUTjMjiv9tnfXazjsO5r0KhPs+AqCjyrQX6h2ng==",
            "requires": {
                "loose-envify": "^1.3.1",
                "object-assign": "^4.1.1"
            }
        },
        "cross-fetch": {
            "version": "3.1.5",
            "resolved": "https://registry.npmjs.org/cross-fetch/-/cross-fetch-3.1.5.tgz",
            "integrity": "sha512-lvb1SBsI0Z7GDwmuid+mU3kWVBwTVUbe7S0H52yaaAdQOXq2YktTCZdlAcNKFzE6QtRz0snpw9bNiPeOIkkQvw==",
            "requires": {
                "node-fetch": "2.6.7"
            }
        },
        "encoding": {
            "version": "0.1.13",
            "resolved": "https://registry.npmjs.org/encoding/-/encoding-0.1.13.tgz",
            "integrity": "sha512-ETBauow1T35Y/WZMkio9jiM0Z5xjHHmJ4XmjZOq1l/dXz3lr2sRn87nJy20RupqSh1F2m3HHPSp8ShIPQJrJ3A==",
            "requires": {
                "iconv-lite": "^0.6.2"
            }
        },
        "fbjs": {
            "version": "0.8.18",
            "resolved": "https://registry.npmjs.org/fbjs/-/fbjs-0.8.18.tgz",
            "integrity": "sha512-EQaWFK+fEPSoibjNy8IxUtaFOMXcWsY0JaVrQoZR9zC8N2Ygf9iDITPWjUTVIax95b6I742JFLqASHfsag/vKA==",
            "requires": {
                "core-js": "^1.0.0",
                "isomorphic-fetch": "^2.1.1",
                "loose-envify": "^1.0.0",
                "object-assign": "^4.1.0",
                "promise": "^7.1.1",
                "setimmediate": "^1.0.5",
                "ua-parser-js": "^0.7.30"
            }
        },
        "html-parse-stringify": {
            "version": "3.0.1",
            "resolved": "https://registry.npmjs.org/html-parse-stringify/-/html-parse-stringify-3.0.1.tgz",
            "integrity": "sha512-KknJ50kTInJ7qIScF3jeaFRpMpE8/lfiTdzf/twXyPBLAGrLRTmkz3AdTnKeh40X8k9L2fdYwEp/42WGXIRGcg==",
            "requires": {
                "void-elements": "3.1.0"
            }
        },
        "i18next": {
            "version": "21.8.14",
            "resolved": "https://registry.npmjs.org/i18next/-/i18next-21.8.14.tgz",
            "integrity": "sha512-4Yi+DtexvMm/Yw3Q9fllzY12SgLk+Mcmar+rCAccsOPul/2UmnBzoHbTGn/L48IPkFcmrNaH7xTLboBWIbH6pw==",
            "requires": {
                "@babel/runtime": "^7.17.2"
            }
        },
        "i18next-browser-languagedetector": {
            "version": "6.1.4",
            "resolved": "https://registry.npmjs.org/i18next-browser-languagedetector/-/i18next-browser-languagedetector-6.1.4.tgz",
            "integrity": "sha512-wukWnFeU7rKIWT66VU5i8I+3Zc4wReGcuDK2+kuFhtoxBRGWGdvYI9UQmqNL/yQH1KogWwh+xGEaIPH8V/i2Zg==",
            "requires": {
                "@babel/runtime": "^7.14.6"
            }
        },
        "i18next-http-backend": {
            "version": "1.4.1",
            "resolved": "https://registry.npmjs.org/i18next-http-backend/-/i18next-http-backend-1.4.1.tgz",
            "integrity": "sha512-s4Q9hK2jS29iyhniMP82z+yYY8riGTrWbnyvsSzi5TaF7Le4E7b5deTmtuaRuab9fdDcYXtcwdBgawZG+JCEjA==",
            "requires": {
                "cross-fetch": "3.1.5"
            }
        },
        "iconv-lite": {
            "version": "0.6.3",
            "resolved": "https://registry.npmjs.org/iconv-lite/-/iconv-lite-0.6.3.tgz",
            "integrity": "sha512-4fCk79wshMdzMp2rH06qWrJE4iolqLhCUH+OiuIgU++RB0+94NlDL81atO7GX55uUKueo0txHNtvEyI6D7WdMw==",
            "requires": {
                "safer-buffer": ">= 2.1.2 < 3.0.0"
            }
        },
        "is-stream": {
            "version": "1.1.0",
            "resolved": "https://registry.npmjs.org/is-stream/-/is-stream-1.1.0.tgz",
            "integrity": "sha512-uQPm8kcs47jx38atAcWTVxyltQYoPT68y9aWYdV6yWXSyW8mzSat0TL6CiWdZeCdF3KrAvpVtnHbTv4RN+rqdQ=="
        },
        "isomorphic-fetch": {
            "version": "2.2.1",
            "resolved": "https://registry.npmjs.org/isomorphic-fetch/-/isomorphic-fetch-2.2.1.tgz",
            "integrity": "sha512-9c4TNAKYXM5PRyVcwUZrF3W09nQ+sO7+jydgs4ZGW9dhsLG2VOlISJABombdQqQRXCwuYG3sYV/puGf5rp0qmA==",
            "requires": {
                "node-fetch": "^1.0.1",
                "whatwg-fetch": ">=0.10.0"
            },
            "dependencies": {
                "node-fetch": {
                    "version": "1.7.3",
                    "resolved": "https://registry.npmjs.org/node-fetch/-/node-fetch-1.7.3.tgz",
                    "integrity": "sha512-NhZ4CsKx7cYm2vSrBAr2PvFOe6sWDf0UYLRqA6svUYg7+/TSfVAu49jYC4BvQ4Sms9SZgdqGBgroqfDhJdTyKQ==",
                    "requires": {
                        "encoding": "^0.1.11",
                        "is-stream": "^1.0.1"
                    }
                }
            }
        },
        "js-tokens": {
            "version": "4.0.0",
            "resolved": "https://registry.npmjs.org/js-tokens/-/js-tokens-4.0.0.tgz",
            "integrity": "sha512-RdJUflcE3cUzKiMqQgsCu06FPu9UdIJO0beYbPhHN4k6apgJtifcoCtT9bcxOpYBtpD2kCM6Sbzg4CausW/PKQ=="
        },
        "loose-envify": {
            "version": "1.4.0",
            "resolved": "https://registry.npmjs.org/loose-envify/-/loose-envify-1.4.0.tgz",
            "integrity": "sha512-lyuxPGr/Wfhrlem2CL/UcnUc1zcqKAImBDzukY7Y5F/yQiNdko6+fRLevlw1HgMySw7f611UIY408EtxRSoK3Q==",
            "requires": {
                "js-tokens": "^3.0.0 || ^4.0.0"
            }
        },
        "node-fetch": {
            "version": "2.6.7",
            "resolved": "https://registry.npmjs.org/node-fetch/-/node-fetch-2.6.7.tgz",
            "integrity": "sha512-ZjMPFEfVx5j+y2yF35Kzx5sF7kDzxuDj6ziH4FFbOp87zKDZNx8yExJIb05OGF4Nlt9IHFIMBkRl41VdvcNdbQ==",
            "requires": {
                "whatwg-url": "^5.0.0"
            }
        },
        "object-assign": {
            "version": "4.1.1",
            "resolved": "https://registry.npmjs.org/object-assign/-/object-assign-4.1.1.tgz",
            "integrity": "sha512-rJgTQnkUnH1sFw8yT6VSU3zD3sWmu6sZhIseY8VX+GRu3P6F7Fu+JNDoXfklElbLJSnc3FUQHVe4cU5hj+BcUg=="
        },
        "promise": {
            "version": "7.3.1",
            "resolved": "https://registry.npmjs.org/promise/-/promise-7.3.1.tgz",
            "integrity": "sha512-nolQXZ/4L+bP/UGlkfaIujX9BKxGwmQ9OT4mOt5yvy8iK1h3wqTEJCijzGANTCCl9nWjY41juyAn2K3Q1hLLTg==",
            "requires": {
                "asap": "~2.0.3"
            }
        },
        "prop-types": {
            "version": "15.8.1",
            "resolved": "https://registry.npmjs.org/prop-types/-/prop-types-15.8.1.tgz",
            "integrity": "sha512-oj87CgZICdulUohogVAR7AjlC0327U4el4L6eAvOqCeudMDVU0NThNaV+b9Df4dXgSP1gXMTnPdhfe/2qDH5cg==",
            "requires": {
                "loose-envify": "^1.4.0",
                "object-assign": "^4.1.1",
                "react-is": "^16.13.1"
            }
        },
        "react": {
            "version": "18.2.0",
            "resolved": "https://registry.npmjs.org/react/-/react-18.2.0.tgz",
            "integrity": "sha512-/3IjMdb2L9QbBdWiW5e3P2/npwMBaU9mHCSCUzNln0ZCYbcfTsGbTJrU/kGemdH2IWmB2ioZ+zkxtmq6g09fGQ==",
            "peer": true,
            "requires": {
                "loose-envify": "^1.1.0"
            }
        },
        "react-i18next": {
            "version": "11.18.1",
            "resolved": "https://registry.npmjs.org/react-i18next/-/react-i18next-11.18.1.tgz",
            "integrity": "sha512-S8cl4mvIOSA7OQCE5jNy2yhv705Vwi+7PinpqKIYcBmX/trJtHKqrf6CL67WJSA8crr2JU+oxE9jn9DQIrQezg==",
            "requires": {
                "@babel/runtime": "^7.14.5",
                "html-parse-stringify": "^3.0.1"
            }
        },
        "react-is": {
            "version": "16.13.1",
            "resolved": "https://registry.npmjs.org/react-is/-/react-is-16.13.1.tgz",
            "integrity": "sha512-24e6ynE2H+OKt4kqsOvNd8kBpV65zoxbA4BVsEOB3ARVWQki/DHzaUoC5KuON/BiccDaCCTZBuOcfZs70kR8bQ=="
        },
        "regenerator-runtime": {
            "version": "0.13.9",
            "resolved": "https://registry.npmjs.org/regenerator-runtime/-/regenerator-runtime-0.13.9.tgz",
            "integrity": "sha512-p3VT+cOEgxFsRRA9X4lkI1E+k2/CtnKtU4gcxyaCUreilL/vqI6CdZ3wxVUx3UOUg+gnUOQQcRI7BmSI656MYA=="
        },
        "safer-buffer": {
            "version": "2.1.2",
            "resolved": "https://registry.npmjs.org/safer-buffer/-/safer-buffer-2.1.2.tgz",
            "integrity": "sha512-YZo3K82SD7Riyi0E1EQPojLz7kpepnSQI9IyPbHHg1XXXevb5dJI7tpyN2ADxGcQbHG7vcyRHk0cbwqcQriUtg=="
        },
        "setimmediate": {
            "version": "1.0.5",
            "resolved": "https://registry.npmjs.org/setimmediate/-/setimmediate-1.0.5.tgz",
            "integrity": "sha512-MATJdZp8sLqDl/68LfQmbP8zKPLQNV6BIZoIgrscFDQ+RsvK/BxeDQOgyxKKoh0y/8h3BqVFnCqQ/gd+reiIXA=="
        },
        "tr46": {
            "version": "0.0.3",
            "resolved": "https://registry.npmjs.org/tr46/-/tr46-0.0.3.tgz",
            "integrity": "sha512-N3WMsuqV66lT30CrXNbEjx4GEwlow3v6rr4mCcv6prnfwhS01rkgyFdjPNBYd9br7LpXV1+Emh01fHnq2Gdgrw=="
        },
        "ua-parser-js": {
            "version": "0.7.31",
            "resolved": "https://registry.npmjs.org/ua-parser-js/-/ua-parser-js-0.7.31.tgz",
            "integrity": "sha512-qLK/Xe9E2uzmYI3qLeOmI0tEOt+TBBQyUIAh4aAgU05FVYzeZrKUdkAZfBNVGRaHVgV0TDkdEngJSw/SyQchkQ=="
        },
        "void-elements": {
            "version": "3.1.0",
            "resolved": "https://registry.npmjs.org/void-elements/-/void-elements-3.1.0.tgz",
            "integrity": "sha512-Dhxzh5HZuiHQhbvTW9AMetFfBHDMYpo23Uo9btPXgdYP+3T5S+p+jgNy7spra+veYhBP2dCSgxR/i2Y02h5/6w=="
        },
        "webidl-conversions": {
            "version": "3.0.1",
            "resolved": "https://registry.npmjs.org/webidl-conversions/-/webidl-conversions-3.0.1.tgz",
            "integrity": "sha512-2JAn3z8AR6rjK8Sm8orRC0h/bcl/DqL7tRPdGZ4I1CjdF+EaMLmYxBHyXuKL849eucPFhvBoxMsflfOb8kxaeQ=="
        },
        "whatwg-fetch": {
            "version": "3.6.2",
            "resolved": "https://registry.npmjs.org/whatwg-fetch/-/whatwg-fetch-3.6.2.tgz",
            "integrity": "sha512-bJlen0FcuU/0EMLrdbJ7zOnW6ITZLrZMIarMUVmdKtsGvZna8vxKYaexICWPfZ8qwf9fzNq+UEIZrnSaApt6RA=="
        },
        "whatwg-url": {
            "version": "5.0.0",
            "resolved": "https://registry.npmjs.org/whatwg-url/-/whatwg-url-5.0.0.tgz",
            "integrity": "sha512-saE57nupxk6v3HY35+jzBwYa0rKSy0XR8JSxZPwgLr7ys0IBzhGviA1/TUGJLmSVqs8pb9AnvICXEuOHLprYTw==",
            "requires": {
                "tr46": "~0.0.3",
                "webidl-conversions": "^3.0.0"
            }
        }
    }
}