{
    "name": "shop",
    "lockfileVersion": 2,
    "requires": true,
    "packages": {
        "": {
            "dependencies": {
                "i18next": "^21.8.14",
                "i18next-browser-languagedetector": "^6.1.4",
                "i18next-http-backend": "^1.4.1",
                "react-i18next": "^11.18.1"
            }
        },
        "node_modules/@babel/runtime": {
            "version": "7.18.6",
            "resolved": "https://registry.npmjs.org/@babel/runtime/-/runtime-7.18.6.tgz",
            "integrity": "sha512-t9wi7/AW6XtKahAe20Yw0/mMljKq0B1r2fPdvaAdV/KPDZewFXdaaa6K7lxmZBZ8FBNpCiAT6iHPmd6QO9bKfQ==",
            "dependencies": {
                "regenerator-runtime": "^0.13.4"
            },
            "engines": {
                "node": ">=6.9.0"
            }
        },
        "node_modules/cross-fetch": {
            "version": "3.1.5",
            "resolved": "https://registry.npmjs.org/cross-fetch/-/cross-fetch-3.1.5.tgz",
            "integrity": "sha512-lvb1SBsI0Z7GDwmuid+mU3kWVBwTVUbe7S0H52yaaAdQOXq2YktTCZdlAcNKFzE6QtRz0snpw9bNiPeOIkkQvw==",
            "dependencies": {
                "node-fetch": "2.6.7"
            }
        },
        "node_modules/html-parse-stringify": {
            "version": "3.0.1",
            "resolved": "https://registry.npmjs.org/html-parse-stringify/-/html-parse-stringify-3.0.1.tgz",
            "integrity": "sha512-KknJ50kTInJ7qIScF3jeaFRpMpE8/lfiTdzf/twXyPBLAGrLRTmkz3AdTnKeh40X8k9L2fdYwEp/42WGXIRGcg==",
            "dependencies": {
                "void-elements": "3.1.0"
            }
        },
        "node_modules/i18next": {
            "version": "21.8.14",
            "resolved": "https://registry.npmjs.org/i18next/-/i18next-21.8.14.tgz",
            "integrity": "sha512-4Yi+DtexvMm/Yw3Q9fllzY12SgLk+Mcmar+rCAccsOPul/2UmnBzoHbTGn/L48IPkFcmrNaH7xTLboBWIbH6pw==",
            "funding": [
                {
                    "type": "individual",
                    "url": "https://locize.com"
                },
                {
                    "type": "individual",
                    "url": "https://locize.com/i18next.html"
                },
                {
                    "type": "individual",
                    "url": "https://www.i18next.com/how-to/faq#i18next-is-awesome.-how-can-i-support-the-project"
                }
            ],
            "dependencies": {
                "@babel/runtime": "^7.17.2"
            }
        },
        "node_modules/i18next-browser-languagedetector": {
            "version": "6.1.4",
            "resolved": "https://registry.npmjs.org/i18next-browser-languagedetector/-/i18next-browser-languagedetector-6.1.4.tgz",
            "integrity": "sha512-wukWnFeU7rKIWT66VU5i8I+3Zc4wReGcuDK2+kuFhtoxBRGWGdvYI9UQmqNL/yQH1KogWwh+xGEaIPH8V/i2Zg==",
            "dependencies": {
                "@babel/runtime": "^7.14.6"
            }
        },
        "node_modules/i18next-http-backend": {
            "version": "1.4.1",
            "resolved": "https://registry.npmjs.org/i18next-http-backend/-/i18next-http-backend-1.4.1.tgz",
            "integrity": "sha512-s4Q9hK2jS29iyhniMP82z+yYY8riGTrWbnyvsSzi5TaF7Le4E7b5deTmtuaRuab9fdDcYXtcwdBgawZG+JCEjA==",
            "dependencies": {
                "cross-fetch": "3.1.5"
            }
        },
        "node_modules/js-tokens": {
            "version": "4.0.0",
            "resolved": "https://registry.npmjs.org/js-tokens/-/js-tokens-4.0.0.tgz",
            "integrity": "sha512-RdJUflcE3cUzKiMqQgsCu06FPu9UdIJO0beYbPhHN4k6apgJtifcoCtT9bcxOpYBtpD2kCM6Sbzg4CausW/PKQ==",
            "peer": true
        },
        "node_modules/loose-envify": {
            "version": "1.4.0",
            "resolved": "https://registry.npmjs.org/loose-envify/-/loose-envify-1.4.0.tgz",
            "integrity": "sha512-lyuxPGr/Wfhrlem2CL/UcnUc1zcqKAImBDzukY7Y5F/yQiNdko6+fRLevlw1HgMySw7f611UIY408EtxRSoK3Q==",
            "peer": true,
            "dependencies": {
                "js-tokens": "^3.0.0 || ^4.0.0"
            },
            "bin": {
                "loose-envify": "cli.js"
            }
        },
        "node_modules/node-fetch": {
            "version": "2.6.7",
            "resolved": "https://registry.npmjs.org/node-fetch/-/node-fetch-2.6.7.tgz",
            "integrity": "sha512-ZjMPFEfVx5j+y2yF35Kzx5sF7kDzxuDj6ziH4FFbOp87zKDZNx8yExJIb05OGF4Nlt9IHFIMBkRl41VdvcNdbQ==",
            "dependencies": {
                "whatwg-url": "^5.0.0"
            },
            "engines": {
                "node": "4.x || >=6.0.0"
            },
            "peerDependencies": {
                "encoding": "^0.1.0"
            },
            "peerDependenciesMeta": {
                "encoding": {
                    "optional": true
                }
            }
        },
        "node_modules/react": {
            "version": "18.2.0",
            "resolved": "https://registry.npmjs.org/react/-/react-18.2.0.tgz",
            "integrity": "sha512-/3IjMdb2L9QbBdWiW5e3P2/npwMBaU9mHCSCUzNln0ZCYbcfTsGbTJrU/kGemdH2IWmB2ioZ+zkxtmq6g09fGQ==",
            "peer": true,
            "dependencies": {
                "loose-envify": "^1.1.0"
            },
            "engines": {
                "node": ">=0.10.0"
            }
        },
        "node_modules/react-i18next": {
            "version": "11.18.1",
            "resolved": "https://registry.npmjs.org/react-i18next/-/react-i18next-11.18.1.tgz",
            "integrity": "sha512-S8cl4mvIOSA7OQCE5jNy2yhv705Vwi+7PinpqKIYcBmX/trJtHKqrf6CL67WJSA8crr2JU+oxE9jn9DQIrQezg==",
            "dependencies": {
                "@babel/runtime": "^7.14.5",
                "html-parse-stringify": "^3.0.1"
            },
            "peerDependencies": {
                "i18next": ">= 19.0.0",
                "react": ">= 16.8.0"
            },
            "peerDependenciesMeta": {
                "react-dom": {
                    "optional": true
                },
                "react-native": {
                    "optional": true
                }
            }
        },
        "node_modules/regenerator-runtime": {
            "version": "0.13.9",
            "resolved": "https://registry.npmjs.org/regenerator-runtime/-/regenerator-runtime-0.13.9.tgz",
            "integrity": "sha512-p3VT+cOEgxFsRRA9X4lkI1E+k2/CtnKtU4gcxyaCUreilL/vqI6CdZ3wxVUx3UOUg+gnUOQQcRI7BmSI656MYA=="
        },
        "node_modules/tr46": {
            "version": "0.0.3",
            "resolved": "https://registry.npmjs.org/tr46/-/tr46-0.0.3.tgz",
            "integrity": "sha512-N3WMsuqV66lT30CrXNbEjx4GEwlow3v6rr4mCcv6prnfwhS01rkgyFdjPNBYd9br7LpXV1+Emh01fHnq2Gdgrw=="
        },
        "node_modules/void-elements": {
            "version": "3.1.0",
            "resolved": "https://registry.npmjs.org/void-elements/-/void-elements-3.1.0.tgz",
            "integrity": "sha512-Dhxzh5HZuiHQhbvTW9AMetFfBHDMYpo23Uo9btPXgdYP+3T5S+p+jgNy7spra+veYhBP2dCSgxR/i2Y02h5/6w==",
            "engines": {
                "node": ">=0.10.0"
            }
        },
        "node_modules/webidl-conversions": {
            "version": "3.0.1",
            "resolved": "https://registry.npmjs.org/webidl-conversions/-/webidl-conversions-3.0.1.tgz",
            "integrity": "sha512-2JAn3z8AR6rjK8Sm8orRC0h/bcl/DqL7tRPdGZ4I1CjdF+EaMLmYxBHyXuKL849eucPFhvBoxMsflfOb8kxaeQ=="
        },
        "node_modules/whatwg-url": {
            "version": "5.0.0",
            "resolved": "https://registry.npmjs.org/whatwg-url/-/whatwg-url-5.0.0.tgz",
            "integrity": "sha512-saE57nupxk6v3HY35+jzBwYa0rKSy0XR8JSxZPwgLr7ys0IBzhGviA1/TUGJLmSVqs8pb9AnvICXEuOHLprYTw==",
            "dependencies": {
                "tr46": "~0.0.3",
                "webidl-conversions": "^3.0.0"
            }
        }
    },
    "dependencies": {
        "@babel/runtime": {
            "version": "7.18.6",
            "resolved": "https://registry.npmjs.org/@babel/runtime/-/runtime-7.18.6.tgz",
            "integrity": "sha512-t9wi7/AW6XtKahAe20Yw0/mMljKq0B1r2fPdvaAdV/KPDZewFXdaaa6K7lxmZBZ8FBNpCiAT6iHPmd6QO9bKfQ==",
            "requires": {
                "regenerator-runtime": "^0.13.4"
            }
        },
        "cross-fetch": {
            "version": "3.1.5",
            "resolved": "https://registry.npmjs.org/cross-fetch/-/cross-fetch-3.1.5.tgz",
            "integrity": "sha512-lvb1SBsI0Z7GDwmuid+mU3kWVBwTVUbe7S0H52yaaAdQOXq2YktTCZdlAcNKFzE6QtRz0snpw9bNiPeOIkkQvw==",
            "requires": {
                "node-fetch": "2.6.7"
            }
        },
        "html-parse-stringify": {
            "version": "3.0.1",
            "resolved": "https://registry.npmjs.org/html-parse-stringify/-/html-parse-stringify-3.0.1.tgz",
            "integrity": "sha512-KknJ50kTInJ7qIScF3jeaFRpMpE8/lfiTdzf/twXyPBLAGrLRTmkz3AdTnKeh40X8k9L2fdYwEp/42WGXIRGcg==",
            "requires": {
                "void-elements": "3.1.0"
            }
        },
        "i18next": {
            "version": "21.8.14",
            "resolved": "https://registry.npmjs.org/i18next/-/i18next-21.8.14.tgz",
            "integrity": "sha512-4Yi+DtexvMm/Yw3Q9fllzY12SgLk+Mcmar+rCAccsOPul/2UmnBzoHbTGn/L48IPkFcmrNaH7xTLboBWIbH6pw==",
            "requires": {
                "@babel/runtime": "^7.17.2"
            }
        },
        "i18next-browser-languagedetector": {
            "version": "6.1.4",
            "resolved": "https://registry.npmjs.org/i18next-browser-languagedetector/-/i18next-browser-languagedetector-6.1.4.tgz",
            "integrity": "sha512-wukWnFeU7rKIWT66VU5i8I+3Zc4wReGcuDK2+kuFhtoxBRGWGdvYI9UQmqNL/yQH1KogWwh+xGEaIPH8V/i2Zg==",
            "requires": {
                "@babel/runtime": "^7.14.6"
            }
        },
        "i18next-http-backend": {
            "version": "1.4.1",
            "resolved": "https://registry.npmjs.org/i18next-http-backend/-/i18next-http-backend-1.4.1.tgz",
            "integrity": "sha512-s4Q9hK2jS29iyhniMP82z+yYY8riGTrWbnyvsSzi5TaF7Le4E7b5deTmtuaRuab9fdDcYXtcwdBgawZG+JCEjA==",
            "requires": {
                "cross-fetch": "3.1.5"
            }
        },
        "js-tokens": {
            "version": "4.0.0",
            "resolved": "https://registry.npmjs.org/js-tokens/-/js-tokens-4.0.0.tgz",
            "integrity": "sha512-RdJUflcE3cUzKiMqQgsCu06FPu9UdIJO0beYbPhHN4k6apgJtifcoCtT9bcxOpYBtpD2kCM6Sbzg4CausW/PKQ==",
            "peer": true
        },
        "loose-envify": {
            "version": "1.4.0",
            "resolved": "https://registry.npmjs.org/loose-envify/-/loose-envify-1.4.0.tgz",
            "integrity": "sha512-lyuxPGr/Wfhrlem2CL/UcnUc1zcqKAImBDzukY7Y5F/yQiNdko6+fRLevlw1HgMySw7f611UIY408EtxRSoK3Q==",
            "peer": true,
            "requires": {
                "js-tokens": "^3.0.0 || ^4.0.0"
            }
        },
        "node-fetch": {
            "version": "2.6.7",
            "resolved": "https://registry.npmjs.org/node-fetch/-/node-fetch-2.6.7.tgz",
            "integrity": "sha512-ZjMPFEfVx5j+y2yF35Kzx5sF7kDzxuDj6ziH4FFbOp87zKDZNx8yExJIb05OGF4Nlt9IHFIMBkRl41VdvcNdbQ==",
            "requires": {
                "whatwg-url": "^5.0.0"
            }
        },
        "react": {
            "version": "18.2.0",
            "resolved": "https://registry.npmjs.org/react/-/react-18.2.0.tgz",
            "integrity": "sha512-/3IjMdb2L9QbBdWiW5e3P2/npwMBaU9mHCSCUzNln0ZCYbcfTsGbTJrU/kGemdH2IWmB2ioZ+zkxtmq6g09fGQ==",
            "peer": true,
            "requires": {
                "loose-envify": "^1.1.0"
            }
        },
        "react-i18next": {
            "version": "11.18.1",
            "resolved": "https://registry.npmjs.org/react-i18next/-/react-i18next-11.18.1.tgz",
            "integrity": "sha512-S8cl4mvIOSA7OQCE5jNy2yhv705Vwi+7PinpqKIYcBmX/trJtHKqrf6CL67WJSA8crr2JU+oxE9jn9DQIrQezg==",
            "requires": {
                "@babel/runtime": "^7.14.5",
                "html-parse-stringify": "^3.0.1"
            }
        },
        "regenerator-runtime": {
            "version": "0.13.9",
            "resolved": "https://registry.npmjs.org/regenerator-runtime/-/regenerator-runtime-0.13.9.tgz",
            "integrity": "sha512-p3VT+cOEgxFsRRA9X4lkI1E+k2/CtnKtU4gcxyaCUreilL/vqI6CdZ3wxVUx3UOUg+gnUOQQcRI7BmSI656MYA=="
        },
        "tr46": {
            "version": "0.0.3",
            "resolved": "https://registry.npmjs.org/tr46/-/tr46-0.0.3.tgz",
            "integrity": "sha512-N3WMsuqV66lT30CrXNbEjx4GEwlow3v6rr4mCcv6prnfwhS01rkgyFdjPNBYd9br7LpXV1+Emh01fHnq2Gdgrw=="
        },
        "void-elements": {
            "version": "3.1.0",
            "resolved": "https://registry.npmjs.org/void-elements/-/void-elements-3.1.0.tgz",
            "integrity": "sha512-Dhxzh5HZuiHQhbvTW9AMetFfBHDMYpo23Uo9btPXgdYP+3T5S+p+jgNy7spra+veYhBP2dCSgxR/i2Y02h5/6w=="
        },
        "webidl-conversions": {
            "version": "3.0.1",
            "resolved": "https://registry.npmjs.org/webidl-conversions/-/webidl-conversions-3.0.1.tgz",
            "integrity": "sha512-2JAn3z8AR6rjK8Sm8orRC0h/bcl/DqL7tRPdGZ4I1CjdF+EaMLmYxBHyXuKL849eucPFhvBoxMsflfOb8kxaeQ=="
        },
        "whatwg-url": {
            "version": "5.0.0",
            "resolved": "https://registry.npmjs.org/whatwg-url/-/whatwg-url-5.0.0.tgz",
            "integrity": "sha512-saE57nupxk6v3HY35+jzBwYa0rKSy0XR8JSxZPwgLr7ys0IBzhGviA1/TUGJLmSVqs8pb9AnvICXEuOHLprYTw==",
            "requires": {
                "tr46": "~0.0.3",
                "webidl-conversions": "^3.0.0"
            }
        }
    }
}